{
  "name": "Practical Courses",
  "lockfileVersion": 3,
  "requires": true,
  "packages": {
    "": {
      "dependencies": {
        "@pnotify/confirm": "^5.2.0",
        "@pnotify/core": "^5.2.0",
        "bootstrap": "^5.3.3"
      },
      "devDependencies": {
        "pnotify": "^4.0.1"
      }
    },
    "node_modules/@pnotify/confirm": {
      "version": "5.2.0",
      "resolved": "https://registry.npmjs.org/@pnotify/confirm/-/confirm-5.2.0.tgz",
      "integrity": "sha512-lGiuPu2arjdysjQVrAMLZxGcP3T6+5U5MVzVmA8SjVl9L67mIqcg7EzW1YNwNQynnXVOyWrTLHaI3LeCe2ixag==",
      "dependencies": {
        "@pnotify/core": "^5.2.0"
      }
    },
    "node_modules/@pnotify/core": {
      "version": "5.2.0",
      "resolved": "https://registry.npmjs.org/@pnotify/core/-/core-5.2.0.tgz",
      "integrity": "sha512-d9ZM7Q6ZxuwTJ14QbOa7pWmoUqObPis7S1K+TzISffrL8w2f7JigEPI281agLShVAMIsE5SsC6O9YhkutwekbA=="
    },
    "node_modules/@popperjs/core": {
      "version": "2.11.8",
      "resolved": "https://registry.npmjs.org/@popperjs/core/-/core-2.11.8.tgz",
      "integrity": "sha512-P1st0aksCrn9sGZhp8GMYwBnQsbvAWsZAX44oXNNvLHGqAOcoVxmjZiohstwQ7SqKnbR47akdNi+uleWD8+g6A==",
      "peer": true,
      "funding": {
        "type": "opencollective",
        "url": "https://opencollective.com/popperjs"
      }
    },
    "node_modules/bootstrap": {
      "version": "5.3.3",
      "resolved": "https://registry.npmjs.org/bootstrap/-/bootstrap-5.3.3.tgz",
      "integrity": "sha512-8HLCdWgyoMguSO9o+aH+iuZ+aht+mzW0u3HIMzVu7Srrpv7EBBxTnrFlSCskwdY1+EOFQSm7uMJhNQHkdPcmjg==",
      "funding": [
        {
          "type": "github",
          "url": "https://github.com/sponsors/twbs"
        },
        {
          "type": "opencollective",
          "url": "https://opencollective.com/bootstrap"
        }
      ],
      "peerDependencies": {
        "@popperjs/core": "^2.11.8"
      }
    },
    "node_modules/pnotify": {
      "version": "4.0.1",
      "resolved": "https://registry.npmjs.org/pnotify/-/pnotify-4.0.1.tgz",
      "integrity": "sha512-61hbTKWbAx/ghrW8K3LFtUNGVxR04hBN13exUQlweaV4sKHMyZFG102YE2HzVaM0eRFLJFXZlTQB9QPvjMO21g==",
      "dev": true
    }
  }
}
